
Microsoft Visual Studio Solution File, Format Version 12.00
# Visual Studio Version 17
VisualStudioVersion = 17.3.32811.315
MinimumVisualStudioVersion = 10.0.40219.1
Project("{FAE04EC0-301F-11D3-BF4B-00C04F79EFBC}") = "Thinktecture.Blazor.Sample", "Thinktecture.Blazor.Sample.csproj", "{0C281900-4866-4214-9E5E-BBB65481851B}"
EndProject
Global
	GlobalSection(SolutionConfigurationPlatforms) = preSolution
		Debug|Any CPU = Debug|Any CPU
		Release|Any CPU = Release|Any CPU
	EndGlobalSection
	GlobalSection(ProjectConfigurationPlatforms) = postSolution
		{0C281900-4866-4214-9E5E-BBB65481851B}.Debug|Any CPU.ActiveCfg = Debug|Any CPU
		{0C281900-4866-4214-9E5E-BBB65481851B}.Debug|Any CPU.Build.0 = Debug|Any CPU
		{0C281900-4866-4214-9E5E-BBB65481851B}.Release|Any CPU.ActiveCfg = Release|Any CPU
		{0C281900-4866-4214-9E5E-BBB65481851B}.Release|Any CPU.Build.0 = Release|Any CPU
	EndGlobalSection
	GlobalSection(SolutionProperties) = preSolution
		HideSolutionNode = FALSE
	EndGlobalSection
	GlobalSection(ExtensibilityGlobals) = postSolution
		SolutionGuid = {FABC50E4-B6F0-4935-8C53-E3D06DF735CB}
	EndGlobalSection
EndGlobal
