
Microsoft Visual Studio Solution File, Format Version 12.00
# Visual Studio Version 17
VisualStudioVersion = 17.1.32414.318
MinimumVisualStudioVersion = 10.0.40219.1
Project("{9A19103F-16F7-4668-BE54-9A1E7A4F7556}") = "PatrickJahr.Blazor.GrpcWeb.DevTools", "..\..\src\PatrickJahr.Blazor.GrpcWeb.DevTools\PatrickJahr.Blazor.GrpcWeb.DevTools.csproj", "{5D361D9B-D01C-46B1-975B-5E2F89D57B4E}"
EndProject
Project("{9A19103F-16F7-4668-BE54-9A1E7A4F7556}") = "PatrickJahr.Blazor.GrpcDevTools.Client", "PatrickJahr.Blazor.GrpcDevTools.Client\PatrickJahr.Blazor.GrpcDevTools.Client.csproj", "{31F02CAE-04B1-40A9-95F4-3B9FDB7A42FA}"
EndProject
Project("{9A19103F-16F7-4668-BE54-9A1E7A4F7556}") = "PatrickJahr.Blazor.GrpcDevTools.Shared", "PatrickJahr.Blazor.GrpcDevTools.Shared\PatrickJahr.Blazor.GrpcDevTools.Shared.csproj", "{30F690DF-C3A9-4106-AF29-BAB38266B5E9}"
EndProject
Project("{9A19103F-16F7-4668-BE54-9A1E7A4F7556}") = "PatrickJahr.Blazor.GrpcDevTools.WebApi", "PatrickJahr.Blazor.GrpcDevTools.WebApi\PatrickJahr.Blazor.GrpcDevTools.WebApi.csproj", "{EEC16E9F-C36E-4FDF-A57D-CF8B2286E1ED}"
EndProject
Global
	GlobalSection(SolutionConfigurationPlatforms) = preSolution
		Debug|Any CPU = Debug|Any CPU
		Release|Any CPU = Release|Any CPU
	EndGlobalSection
	GlobalSection(ProjectConfigurationPlatforms) = postSolution
		{5D361D9B-D01C-46B1-975B-5E2F89D57B4E}.Debug|Any CPU.ActiveCfg = Debug|Any CPU
		{5D361D9B-D01C-46B1-975B-5E2F89D57B4E}.Debug|Any CPU.Build.0 = Debug|Any CPU
		{5D361D9B-D01C-46B1-975B-5E2F89D57B4E}.Release|Any CPU.ActiveCfg = Release|Any CPU
		{5D361D9B-D01C-46B1-975B-5E2F89D57B4E}.Release|Any CPU.Build.0 = Release|Any CPU
		{31F02CAE-04B1-40A9-95F4-3B9FDB7A42FA}.Debug|Any CPU.ActiveCfg = Debug|Any CPU
		{31F02CAE-04B1-40A9-95F4-3B9FDB7A42FA}.Debug|Any CPU.Build.0 = Debug|Any CPU
		{31F02CAE-04B1-40A9-95F4-3B9FDB7A42FA}.Release|Any CPU.ActiveCfg = Release|Any CPU
		{31F02CAE-04B1-40A9-95F4-3B9FDB7A42FA}.Release|Any CPU.Build.0 = Release|Any CPU
		{30F690DF-C3A9-4106-AF29-BAB38266B5E9}.Debug|Any CPU.ActiveCfg = Debug|Any CPU
		{30F690DF-C3A9-4106-AF29-BAB38266B5E9}.Debug|Any CPU.Build.0 = Debug|Any CPU
		{30F690DF-C3A9-4106-AF29-BAB38266B5E9}.Release|Any CPU.ActiveCfg = Release|Any CPU
		{30F690DF-C3A9-4106-AF29-BAB38266B5E9}.Release|Any CPU.Build.0 = Release|Any CPU
		{EEC16E9F-C36E-4FDF-A57D-CF8B2286E1ED}.Debug|Any CPU.ActiveCfg = Debug|Any CPU
		{EEC16E9F-C36E-4FDF-A57D-CF8B2286E1ED}.Debug|Any CPU.Build.0 = Debug|Any CPU
		{EEC16E9F-C36E-4FDF-A57D-CF8B2286E1ED}.Release|Any CPU.ActiveCfg = Release|Any CPU
		{EEC16E9F-C36E-4FDF-A57D-CF8B2286E1ED}.Release|Any CPU.Build.0 = Release|Any CPU
	EndGlobalSection
	GlobalSection(SolutionProperties) = preSolution
		HideSolutionNode = FALSE
	EndGlobalSection
	GlobalSection(ExtensibilityGlobals) = postSolution
		SolutionGuid = {8D6BF74D-57B3-40F8-A899-A44C5D37F4E9}
	EndGlobalSection
EndGlobal
